# THIS IS AN AUTOGENERATED FILE. DO NOT EDIT THIS FILE DIRECTLY.
# yarn lockfile v1


"@prettier/plugin-ruby@^2.0.0":
  version "2.0.0"
  resolved "https://registry.yarnpkg.com/@prettier/plugin-ruby/-/plugin-ruby-2.0.0.tgz#a9f2d4183b56a9db9f80bbc685832a3b78685793"
  integrity sha512-pA0rjTi5J7cT86XPNhXp7CpdV2Tlyj5oqDIsnQRxMu2P7LY2KJI/pyOSM8pzTH8BgRyQfe1P1NPCcTwxUnUWtQ==
  dependencies:
    prettier ">=2.3.0"

prettier@>=2.3.0, prettier@^2.6.2:
  version "2.6.2"
  resolved "https://registry.yarnpkg.com/prettier/-/prettier-2.6.2.tgz#e26d71a18a74c3d0f0597f55f01fb6c06c206032"
  integrity sha512-PkUpF+qoXTqhOeWL9fu7As8LXsIUZ1WYaJiY/a7McAQzxjk82OF0tibkFXVCDImZtWxbvojFjerkiLb0/q8mew==
